// !$*UTF8*$!
{
	archiveVersion = 1;
	classes = {
	};
	objectVersion = 50;
	objects = {

/* Begin PBXBuildFile section */
		1727219220FFB319000216E7 /* Extension.swift in Sources */ = {isa = PBXBuildFile; fileRef = 1727219120FFB319000216E7 /* Extension.swift */; };
		1738BD6820FF3513004DA7E3 /* RepoCell.swift in Sources */ = {isa = PBXBuildFile; fileRef = 1738BD6720FF3513004DA7E3 /* RepoCell.swift */; };
		17755227210234B60093D926 /* DataClient.swift in Sources */ = {isa = PBXBuildFile; fileRef = 17755226210234B60093D926 /* DataClient.swift */; };
		17D2A7A520FCA85100EBA290 /* AppDelegate.swift in Sources */ = {isa = PBXBuildFile; fileRef = 17D2A7A420FCA85100EBA290 /* AppDelegate.swift */; };
		17D2A7AA20FCA85100EBA290 /* Main.storyboard in Resources */ = {isa = PBXBuildFile; fileRef = 17D2A7A820FCA85100EBA290 /* Main.storyboard */; };
		17D2A7AC20FCA85900EBA290 /* Assets.xcassets in Resources */ = {isa = PBXBuildFile; fileRef = 17D2A7AB20FCA85900EBA290 /* Assets.xcassets */; };
		17D2A7AF20FCA85900EBA290 /* LaunchScreen.storyboard in Resources */ = {isa = PBXBuildFile; fileRef = 17D2A7AD20FCA85900EBA290 /* LaunchScreen.storyboard */; };
		17D2A7BA20FCA85900EBA290 /* SearchGitHubTests.swift in Sources */ = {isa = PBXBuildFile; fileRef = 17D2A7B920FCA85900EBA290 /* SearchGitHubTests.swift */; };
		17D2A7C520FCA85900EBA290 /* SearchGitHubUITests.swift in Sources */ = {isa = PBXBuildFile; fileRef = 17D2A7C420FCA85900EBA290 /* SearchGitHubUITests.swift */; };
		17D2A7D320FCA8BF00EBA290 /* APIGitHub.swift in Sources */ = {isa = PBXBuildFile; fileRef = 17D2A7D220FCA8BF00EBA290 /* APIGitHub.swift */; };
		8D1916C0211A05490003C5D0 /* SearchPresenter.swift in Sources */ = {isa = PBXBuildFile; fileRef = 8D1916BF211A05490003C5D0 /* SearchPresenter.swift */; };
		8D1E1601211C1E42002F9E90 /* SearchTableVC.swift in Sources */ = {isa = PBXBuildFile; fileRef = 8D1E1600211C1E42002F9E90 /* SearchTableVC.swift */; };
		8D1E1604211C411A002F9E90 /* RepositoryNetwork.swift in Sources */ = {isa = PBXBuildFile; fileRef = 8D1E1603211C411A002F9E90 /* RepositoryNetwork.swift */; };
		8D1E1606211C42C5002F9E90 /* Transaction.swift in Sources */ = {isa = PBXBuildFile; fileRef = 8D1E1605211C42C5002F9E90 /* Transaction.swift */; };
		8D1E1608211C4307002F9E90 /* Helpers.swift in Sources */ = {isa = PBXBuildFile; fileRef = 8D1E1607211C4307002F9E90 /* Helpers.swift */; };
		8D1E160C211C6EBA002F9E90 /* Filter.swift in Sources */ = {isa = PBXBuildFile; fileRef = 8D1E160B211C6EBA002F9E90 /* Filter.swift */; };
		8D1E3941211D6D2E0096F841 /* GitHubStruc.swift in Sources */ = {isa = PBXBuildFile; fileRef = 8D1E3940211D6D2E0096F841 /* GitHubStruc.swift */; };
		8D1E3947211D70980096F841 /* SearchService.swift in Sources */ = {isa = PBXBuildFile; fileRef = 8D1E3946211D70980096F841 /* SearchService.swift */; };
		8D1E3949211D711D0096F841 /* SearchGitHubModel.swift in Sources */ = {isa = PBXBuildFile; fileRef = 8D1E3948211D711D0096F841 /* SearchGitHubModel.swift */; };
		8D3EF238211B17C900D95DFA /* UseCaseGetNewRepo.swift in Sources */ = {isa = PBXBuildFile; fileRef = 8D3EF237211B17C900D95DFA /* UseCaseGetNewRepo.swift */; };
		8D3EF23A211B21AA00D95DFA /* UseCaseGetNextPage.swift in Sources */ = {isa = PBXBuildFile; fileRef = 8D3EF239211B21AA00D95DFA /* UseCaseGetNextPage.swift */; };
		8DF429C72121A84F00839766 /* Pagination.swift in Sources */ = {isa = PBXBuildFile; fileRef = 8DF429C62121A84F00839766 /* Pagination.swift */; };
/* End PBXBuildFile section */

/* Begin PBXContainerItemProxy section */
		17D2A7B620FCA85900EBA290 /* PBXContainerItemProxy */ = {
			isa = PBXContainerItemProxy;
			containerPortal = 17D2A79920FCA85100EBA290 /* Project object */;
			proxyType = 1;
			remoteGlobalIDString = 17D2A7A020FCA85100EBA290;
			remoteInfo = SearchGitHub;
		};
		17D2A7C120FCA85900EBA290 /* PBXContainerItemProxy */ = {
			isa = PBXContainerItemProxy;
			containerPortal = 17D2A79920FCA85100EBA290 /* Project object */;
			proxyType = 1;
			remoteGlobalIDString = 17D2A7A020FCA85100EBA290;
			remoteInfo = SearchGitHub;
		};
/* End PBXContainerItemProxy section */

/* Begin PBXFileReference section */
		1727219120FFB319000216E7 /* Extension.swift */ = {isa = PBXFileReference; lastKnownFileType = sourcecode.swift; path = Extension.swift; sourceTree = "<group>"; };
		1738BD6720FF3513004DA7E3 /* RepoCell.swift */ = {isa = PBXFileReference; lastKnownFileType = sourcecode.swift; path = RepoCell.swift; sourceTree = "<group>"; };
		17755226210234B60093D926 /* DataClient.swift */ = {isa = PBXFileReference; lastKnownFileType = sourcecode.swift; path = DataClient.swift; sourceTree = "<group>"; };
		17D2A7A120FCA85100EBA290 /* SearchGitHubMVP.app */ = {isa = PBXFileReference; explicitFileType = wrapper.application; includeInIndex = 0; path = SearchGitHubMVP.app; sourceTree = BUILT_PRODUCTS_DIR; };
		17D2A7A420FCA85100EBA290 /* AppDelegate.swift */ = {isa = PBXFileReference; lastKnownFileType = sourcecode.swift; path = AppDelegate.swift; sourceTree = "<group>"; };
		17D2A7A920FCA85100EBA290 /* Base */ = {isa = PBXFileReference; lastKnownFileType = file.storyboard; name = Base; path = Base.lproj/Main.storyboard; sourceTree = "<group>"; };
		17D2A7AB20FCA85900EBA290 /* Assets.xcassets */ = {isa = PBXFileReference; lastKnownFileType = folder.assetcatalog; path = Assets.xcassets; sourceTree = "<group>"; };
		17D2A7AE20FCA85900EBA290 /* Base */ = {isa = PBXFileReference; lastKnownFileType = file.storyboard; name = Base; path = Base.lproj/LaunchScreen.storyboard; sourceTree = "<group>"; };
		17D2A7B020FCA85900EBA290 /* Info.plist */ = {isa = PBXFileReference; lastKnownFileType = text.plist.xml; path = Info.plist; sourceTree = "<group>"; };
		17D2A7B520FCA85900EBA290 /* SearchGitHubMVPTests.xctest */ = {isa = PBXFileReference; explicitFileType = wrapper.cfbundle; includeInIndex = 0; path = SearchGitHubMVPTests.xctest; sourceTree = BUILT_PRODUCTS_DIR; };
		17D2A7B920FCA85900EBA290 /* SearchGitHubTests.swift */ = {isa = PBXFileReference; lastKnownFileType = sourcecode.swift; path = SearchGitHubTests.swift; sourceTree = "<group>"; };
		17D2A7BB20FCA85900EBA290 /* Info.plist */ = {isa = PBXFileReference; lastKnownFileType = text.plist.xml; path = Info.plist; sourceTree = "<group>"; };
		17D2A7C020FCA85900EBA290 /* SearchGitHubMVPUITests.xctest */ = {isa = PBXFileReference; explicitFileType = wrapper.cfbundle; includeInIndex = 0; path = SearchGitHubMVPUITests.xctest; sourceTree = BUILT_PRODUCTS_DIR; };
		17D2A7C420FCA85900EBA290 /* SearchGitHubUITests.swift */ = {isa = PBXFileReference; lastKnownFileType = sourcecode.swift; path = SearchGitHubUITests.swift; sourceTree = "<group>"; };
		17D2A7C620FCA85900EBA290 /* Info.plist */ = {isa = PBXFileReference; lastKnownFileType = text.plist.xml; path = Info.plist; sourceTree = "<group>"; };
		17D2A7D220FCA8BF00EBA290 /* APIGitHub.swift */ = {isa = PBXFileReference; lastKnownFileType = sourcecode.swift; path = APIGitHub.swift; sourceTree = "<group>"; };
		8D1916BF211A05490003C5D0 /* SearchPresenter.swift */ = {isa = PBXFileReference; lastKnownFileType = sourcecode.swift; path = SearchPresenter.swift; sourceTree = "<group>"; };
		8D1E1600211C1E42002F9E90 /* SearchTableVC.swift */ = {isa = PBXFileReference; fileEncoding = 4; lastKnownFileType = sourcecode.swift; path = SearchTableVC.swift; sourceTree = "<group>"; };
		8D1E1603211C411A002F9E90 /* RepositoryNetwork.swift */ = {isa = PBXFileReference; lastKnownFileType = sourcecode.swift; path = RepositoryNetwork.swift; sourceTree = "<group>"; };
		8D1E1605211C42C5002F9E90 /* Transaction.swift */ = {isa = PBXFileReference; lastKnownFileType = sourcecode.swift; path = Transaction.swift; sourceTree = "<group>"; };
		8D1E1607211C4307002F9E90 /* Helpers.swift */ = {isa = PBXFileReference; lastKnownFileType = sourcecode.swift; path = Helpers.swift; sourceTree = "<group>"; };
		8D1E160B211C6EBA002F9E90 /* Filter.swift */ = {isa = PBXFileReference; lastKnownFileType = sourcecode.swift; path = Filter.swift; sourceTree = "<group>"; };
		8D1E3940211D6D2E0096F841 /* GitHubStruc.swift */ = {isa = PBXFileReference; lastKnownFileType = sourcecode.swift; path = GitHubStruc.swift; sourceTree = "<group>"; };
		8D1E3946211D70980096F841 /* SearchService.swift */ = {isa = PBXFileReference; lastKnownFileType = sourcecode.swift; path = SearchService.swift; sourceTree = "<group>"; };
		8D1E3948211D711D0096F841 /* SearchGitHubModel.swift */ = {isa = PBXFileReference; lastKnownFileType = sourcecode.swift; path = SearchGitHubModel.swift; sourceTree = "<group>"; };
		8D3EF237211B17C900D95DFA /* UseCaseGetNewRepo.swift */ = {isa = PBXFileReference; lastKnownFileType = sourcecode.swift; path = UseCaseGetNewRepo.swift; sourceTree = "<group>"; };
		8D3EF239211B21AA00D95DFA /* UseCaseGetNextPage.swift */ = {isa = PBXFileReference; lastKnownFileType = sourcecode.swift; path = UseCaseGetNextPage.swift; sourceTree = "<group>"; };
		8DF429C62121A84F00839766 /* Pagination.swift */ = {isa = PBXFileReference; lastKnownFileType = sourcecode.swift; path = Pagination.swift; sourceTree = "<group>"; };
/* End PBXFileReference section */

/* Begin PBXFrameworksBuildPhase section */
		17D2A79E20FCA85100EBA290 /* Frameworks */ = {
			isa = PBXFrameworksBuildPhase;
			buildActionMask = 2147483647;
			files = (
			);
			runOnlyForDeploymentPostprocessing = 0;
		};
		17D2A7B220FCA85900EBA290 /* Frameworks */ = {
			isa = PBXFrameworksBuildPhase;
			buildActionMask = 2147483647;
			files = (
			);
			runOnlyForDeploymentPostprocessing = 0;
		};
		17D2A7BD20FCA85900EBA290 /* Frameworks */ = {
			isa = PBXFrameworksBuildPhase;
			buildActionMask = 2147483647;
			files = (
			);
			runOnlyForDeploymentPostprocessing = 0;
		};
/* End PBXFrameworksBuildPhase section */

/* Begin PBXGroup section */
		17D2A79820FCA85100EBA290 = {
			isa = PBXGroup;
			children = (
				17D2A7A320FCA85100EBA290 /* SearchGitHub */,
				17D2A7B820FCA85900EBA290 /* SearchGitHubTests */,
				17D2A7C320FCA85900EBA290 /* SearchGitHubUITests */,
				17D2A7A220FCA85100EBA290 /* Products */,
			);
			sourceTree = "<group>";
		};
		17D2A7A220FCA85100EBA290 /* Products */ = {
			isa = PBXGroup;
			children = (
				17D2A7A120FCA85100EBA290 /* SearchGitHubMVP.app */,
				17D2A7B520FCA85900EBA290 /* SearchGitHubMVPTests.xctest */,
				17D2A7C020FCA85900EBA290 /* SearchGitHubMVPUITests.xctest */,
			);
			name = Products;
			sourceTree = "<group>";
		};
		17D2A7A320FCA85100EBA290 /* SearchGitHub */ = {
			isa = PBXGroup;
			children = (
				8D1E3943211D6FAE0096F841 /* Servicio */,
				8D1E15FF211C1C50002F9E90 /* Client */,
				8D1E15FB211C117B002F9E90 /* Common */,
				8D1E15FD211C11D3002F9E90 /* Model */,
				8D1E15FE211C11E1002F9E90 /* UseCase */,
				8D1E15FA211C116F002F9E90 /* Screen */,
				17D2A7A820FCA85100EBA290 /* Main.storyboard */,
				17D2A7AB20FCA85900EBA290 /* Assets.xcassets */,
				17D2A7AD20FCA85900EBA290 /* LaunchScreen.storyboard */,
				17D2A7B020FCA85900EBA290 /* Info.plist */,
				17D2A7A420FCA85100EBA290 /* AppDelegate.swift */,
			);
			path = SearchGitHub;
			sourceTree = "<group>";
		};
		17D2A7B820FCA85900EBA290 /* SearchGitHubTests */ = {
			isa = PBXGroup;
			children = (
				17D2A7B920FCA85900EBA290 /* SearchGitHubTests.swift */,
				17D2A7BB20FCA85900EBA290 /* Info.plist */,
			);
			path = SearchGitHubTests;
			sourceTree = "<group>";
		};
		17D2A7C320FCA85900EBA290 /* SearchGitHubUITests */ = {
			isa = PBXGroup;
			children = (
				17D2A7C420FCA85900EBA290 /* SearchGitHubUITests.swift */,
				17D2A7C620FCA85900EBA290 /* Info.plist */,
			);
			path = SearchGitHubUITests;
			sourceTree = "<group>";
		};
		8D1E15FA211C116F002F9E90 /* Screen */ = {
			isa = PBXGroup;
			children = (
				1738BD6720FF3513004DA7E3 /* RepoCell.swift */,
				8D1916BF211A05490003C5D0 /* SearchPresenter.swift */,
				8D1E1600211C1E42002F9E90 /* SearchTableVC.swift */,
			);
			path = Screen;
			sourceTree = "<group>";
		};
		8D1E15FB211C117B002F9E90 /* Common */ = {
			isa = PBXGroup;
			children = (
				1727219120FFB319000216E7 /* Extension.swift */,
				8D1E1607211C4307002F9E90 /* Helpers.swift */,
			);
			path = Common;
			sourceTree = "<group>";
		};
		8D1E15FC211C11A9002F9E90 /* API */ = {
			isa = PBXGroup;
			children = (
				17D2A7D220FCA8BF00EBA290 /* APIGitHub.swift */,
			);
			path = API;
			sourceTree = "<group>";
		};
		8D1E15FD211C11D3002F9E90 /* Model */ = {
			isa = PBXGroup;
			children = (
				8D1E3942211D6E070096F841 /* Entity */,
				8D1E3948211D711D0096F841 /* SearchGitHubModel.swift */,
			);
			path = Model;
			sourceTree = "<group>";
		};
		8D1E15FE211C11E1002F9E90 /* UseCase */ = {
			isa = PBXGroup;
			children = (
				8D3EF239211B21AA00D95DFA /* UseCaseGetNextPage.swift */,
				8D3EF237211B17C900D95DFA /* UseCaseGetNewRepo.swift */,
			);
			path = UseCase;
			sourceTree = "<group>";
		};
		8D1E15FF211C1C50002F9E90 /* Client */ = {
			isa = PBXGroup;
			children = (
				8D1E1602211C3FD9002F9E90 /* Repository */,
				8D1E15FC211C11A9002F9E90 /* API */,
			);
			path = Client;
			sourceTree = "<group>";
		};
		8D1E1602211C3FD9002F9E90 /* Repository */ = {
			isa = PBXGroup;
			children = (
				8D1E1603211C411A002F9E90 /* RepositoryNetwork.swift */,
			);
			path = Repository;
			sourceTree = "<group>";
		};
		8D1E3942211D6E070096F841 /* Entity */ = {
			isa = PBXGroup;
			children = (
				8D1E1605211C42C5002F9E90 /* Transaction.swift */,
				8D1E160B211C6EBA002F9E90 /* Filter.swift */,
				17755226210234B60093D926 /* DataClient.swift */,
				8D1E3940211D6D2E0096F841 /* GitHubStruc.swift */,
				8DF429C62121A84F00839766 /* Pagination.swift */,
			);
			path = Entity;
			sourceTree = "<group>";
		};
		8D1E3943211D6FAE0096F841 /* Servicio */ = {
			isa = PBXGroup;
			children = (
				8D1E3946211D70980096F841 /* SearchService.swift */,
			);
			path = Servicio;
			sourceTree = "<group>";
		};
/* End PBXGroup section */

/* Begin PBXNativeTarget section */
		17D2A7A020FCA85100EBA290 /* SearchGitHubMVP */ = {
			isa = PBXNativeTarget;
			buildConfigurationList = 17D2A7C920FCA85900EBA290 /* Build configuration list for PBXNativeTarget "SearchGitHubMVP" */;
			buildPhases = (
				17D2A79D20FCA85100EBA290 /* Sources */,
				17D2A79E20FCA85100EBA290 /* Frameworks */,
				17D2A79F20FCA85100EBA290 /* Resources */,
			);
			buildRules = (
			);
			dependencies = (
			);
			name = SearchGitHubMVP;
			productName = SearchGitHub;
			productReference = 17D2A7A120FCA85100EBA290 /* SearchGitHubMVP.app */;
			productType = "com.apple.product-type.application";
		};
		17D2A7B420FCA85900EBA290 /* SearchGitHubMVPTests */ = {
			isa = PBXNativeTarget;
			buildConfigurationList = 17D2A7CC20FCA85900EBA290 /* Build configuration list for PBXNativeTarget "SearchGitHubMVPTests" */;
			buildPhases = (
				17D2A7B120FCA85900EBA290 /* Sources */,
				17D2A7B220FCA85900EBA290 /* Frameworks */,
				17D2A7B320FCA85900EBA290 /* Resources */,
			);
			buildRules = (
			);
			dependencies = (
				17D2A7B720FCA85900EBA290 /* PBXTargetDependency */,
			);
			name = SearchGitHubMVPTests;
			productName = SearchGitHubTests;
			productReference = 17D2A7B520FCA85900EBA290 /* SearchGitHubMVPTests.xctest */;
			productType = "com.apple.product-type.bundle.unit-test";
		};
		17D2A7BF20FCA85900EBA290 /* SearchGitHubMVPUITests */ = {
			isa = PBXNativeTarget;
			buildConfigurationList = 17D2A7CF20FCA85900EBA290 /* Build configuration list for PBXNativeTarget "SearchGitHubMVPUITests" */;
			buildPhases = (
				17D2A7BC20FCA85900EBA290 /* Sources */,
				17D2A7BD20FCA85900EBA290 /* Frameworks */,
				17D2A7BE20FCA85900EBA290 /* Resources */,
			);
			buildRules = (
			);
			dependencies = (
				17D2A7C220FCA85900EBA290 /* PBXTargetDependency */,
			);
			name = SearchGitHubMVPUITests;
			productName = SearchGitHubUITests;
			productReference = 17D2A7C020FCA85900EBA290 /* SearchGitHubMVPUITests.xctest */;
			productType = "com.apple.product-type.bundle.ui-testing";
		};
/* End PBXNativeTarget section */

/* Begin PBXProject section */
		17D2A79920FCA85100EBA290 /* Project object */ = {
			isa = PBXProject;
			attributes = {
				LastSwiftUpdateCheck = 0940;
				LastUpgradeCheck = 0940;
				ORGANIZATIONNAME = "Marcos Suarez";
				TargetAttributes = {
					17D2A7A020FCA85100EBA290 = {
						CreatedOnToolsVersion = 9.4.1;
					};
					17D2A7B420FCA85900EBA290 = {
						CreatedOnToolsVersion = 9.4.1;
						TestTargetID = 17D2A7A020FCA85100EBA290;
					};
					17D2A7BF20FCA85900EBA290 = {
						CreatedOnToolsVersion = 9.4.1;
						TestTargetID = 17D2A7A020FCA85100EBA290;
					};
				};
			};
			buildConfigurationList = 17D2A79C20FCA85100EBA290 /* Build configuration list for PBXProject "SearchGitHubMVP" */;
			compatibilityVersion = "Xcode 9.3";
			developmentRegion = en;
			hasScannedForEncodings = 0;
			knownRegions = (
				en,
				Base,
			);
			mainGroup = 17D2A79820FCA85100EBA290;
			productRefGroup = 17D2A7A220FCA85100EBA290 /* Products */;
			projectDirPath = "";
			projectRoot = "";
			targets = (
				17D2A7A020FCA85100EBA290 /* SearchGitHubMVP */,
				17D2A7B420FCA85900EBA290 /* SearchGitHubMVPTests */,
				17D2A7BF20FCA85900EBA290 /* SearchGitHubMVPUITests */,
			);
		};
/* End PBXProject section */

/* Begin PBXResourcesBuildPhase section */
		17D2A79F20FCA85100EBA290 /* Resources */ = {
			isa = PBXResourcesBuildPhase;
			buildActionMask = 2147483647;
			files = (
				17D2A7AF20FCA85900EBA290 /* LaunchScreen.storyboard in Resources */,
				17D2A7AC20FCA85900EBA290 /* Assets.xcassets in Resources */,
				17D2A7AA20FCA85100EBA290 /* Main.storyboard in Resources */,
			);
			runOnlyForDeploymentPostprocessing = 0;
		};
		17D2A7B320FCA85900EBA290 /* Resources */ = {
			isa = PBXResourcesBuildPhase;
			buildActionMask = 2147483647;
			files = (
			);
			runOnlyForDeploymentPostprocessing = 0;
		};
		17D2A7BE20FCA85900EBA290 /* Resources */ = {
			isa = PBXResourcesBuildPhase;
			buildActionMask = 2147483647;
			files = (
			);
			runOnlyForDeploymentPostprocessing = 0;
		};
/* End PBXResourcesBuildPhase section */

/* Begin PBXSourcesBuildPhase section */
		17D2A79D20FCA85100EBA290 /* Sources */ = {
			isa = PBXSourcesBuildPhase;
			buildActionMask = 2147483647;
			files = (
				8D1E3941211D6D2E0096F841 /* GitHubStruc.swift in Sources */,
				8D1E1606211C42C5002F9E90 /* Transaction.swift in Sources */,
				8D3EF238211B17C900D95DFA /* UseCaseGetNewRepo.swift in Sources */,
				8DF429C72121A84F00839766 /* Pagination.swift in Sources */,
				8D1E1601211C1E42002F9E90 /* SearchTableVC.swift in Sources */,
				8D1916C0211A05490003C5D0 /* SearchPresenter.swift in Sources */,
				1727219220FFB319000216E7 /* Extension.swift in Sources */,
				8D1E3947211D70980096F841 /* SearchService.swift in Sources */,
				8D1E3949211D711D0096F841 /* SearchGitHubModel.swift in Sources */,
				8D3EF23A211B21AA00D95DFA /* UseCaseGetNextPage.swift in Sources */,
				8D1E160C211C6EBA002F9E90 /* Filter.swift in Sources */,
				17D2A7A520FCA85100EBA290 /* AppDelegate.swift in Sources */,
				8D1E1608211C4307002F9E90 /* Helpers.swift in Sources */,
				8D1E1604211C411A002F9E90 /* RepositoryNetwork.swift in Sources */,
				17D2A7D320FCA8BF00EBA290 /* APIGitHub.swift in Sources */,
				1738BD6820FF3513004DA7E3 /* RepoCell.swift in Sources */,
				17755227210234B60093D926 /* DataClient.swift in Sources */,
			);
			runOnlyForDeploymentPostprocessing = 0;
		};
		17D2A7B120FCA85900EBA290 /* Sources */ = {
			isa = PBXSourcesBuildPhase;
			buildActionMask = 2147483647;
			files = (
				17D2A7BA20FCA85900EBA290 /* SearchGitHubTests.swift in Sources */,
			);
			runOnlyForDeploymentPostprocessing = 0;
		};
		17D2A7BC20FCA85900EBA290 /* Sources */ = {
			isa = PBXSourcesBuildPhase;
			buildActionMask = 2147483647;
			files = (
				17D2A7C520FCA85900EBA290 /* SearchGitHubUITests.swift in Sources */,
			);
			runOnlyForDeploymentPostprocessing = 0;
		};
/* End PBXSourcesBuildPhase section */

/* Begin PBXTargetDependency section */
		17D2A7B720FCA85900EBA290 /* PBXTargetDependency */ = {
			isa = PBXTargetDependency;
			target = 17D2A7A020FCA85100EBA290 /* SearchGitHubMVP */;
			targetProxy = 17D2A7B620FCA85900EBA290 /* PBXContainerItemProxy */;
		};
		17D2A7C220FCA85900EBA290 /* PBXTargetDependency */ = {
			isa = PBXTargetDependency;
			target = 17D2A7A020FCA85100EBA290 /* SearchGitHubMVP */;
			targetProxy = 17D2A7C120FCA85900EBA290 /* PBXContainerItemProxy */;
		};
/* End PBXTargetDependency section */

/* Begin PBXVariantGroup section */
		17D2A7A820FCA85100EBA290 /* Main.storyboard */ = {
			isa = PBXVariantGroup;
			children = (
				17D2A7A920FCA85100EBA290 /* Base */,
			);
			name = Main.storyboard;
			sourceTree = "<group>";
		};
		17D2A7AD20FCA85900EBA290 /* LaunchScreen.storyboard */ = {
			isa = PBXVariantGroup;
			children = (
				17D2A7AE20FCA85900EBA290 /* Base */,
			);
			name = LaunchScreen.storyboard;
			sourceTree = "<group>";
		};
/* End PBXVariantGroup section */

/* Begin XCBuildConfiguration section */
		17D2A7C720FCA85900EBA290 /* Debug */ = {
			isa = XCBuildConfiguration;
			buildSettings = {
				ALWAYS_SEARCH_USER_PATHS = NO;
				CLANG_ANALYZER_NONNULL = YES;
				CLANG_ANALYZER_NUMBER_OBJECT_CONVERSION = YES_AGGRESSIVE;
				CLANG_CXX_LANGUAGE_STANDARD = "gnu++14";
				CLANG_CXX_LIBRARY = "libc++";
				CLANG_ENABLE_MODULES = YES;
				CLANG_ENABLE_OBJC_ARC = YES;
				CLANG_ENABLE_OBJC_WEAK = YES;
				CLANG_WARN_BLOCK_CAPTURE_AUTORELEASING = YES;
				CLANG_WARN_BOOL_CONVERSION = YES;
				CLANG_WARN_COMMA = YES;
				CLANG_WARN_CONSTANT_CONVERSION = YES;
				CLANG_WARN_DEPRECATED_OBJC_IMPLEMENTATIONS = YES;
				CLANG_WARN_DIRECT_OBJC_ISA_USAGE = YES_ERROR;
				CLANG_WARN_DOCUMENTATION_COMMENTS = YES;
				CLANG_WARN_EMPTY_BODY = YES;
				CLANG_WARN_ENUM_CONVERSION = YES;
				CLANG_WARN_INFINITE_RECURSION = YES;
				CLANG_WARN_INT_CONVERSION = YES;
				CLANG_WARN_NON_LITERAL_NULL_CONVERSION = YES;
				CLANG_WARN_OBJC_IMPLICIT_RETAIN_SELF = YES;
				CLANG_WARN_OBJC_LITERAL_CONVERSION = YES;
				CLANG_WARN_OBJC_ROOT_CLASS = YES_ERROR;
				CLANG_WARN_RANGE_LOOP_ANALYSIS = YES;
				CLANG_WARN_STRICT_PROTOTYPES = YES;
				CLANG_WARN_SUSPICIOUS_MOVE = YES;
				CLANG_WARN_UNGUARDED_AVAILABILITY = YES_AGGRESSIVE;
				CLANG_WARN_UNREACHABLE_CODE = YES;
				CLANG_WARN__DUPLICATE_METHOD_MATCH = YES;
				CODE_SIGN_IDENTITY = "iPhone Developer";
				COPY_PHASE_STRIP = NO;
				DEBUG_INFORMATION_FORMAT = dwarf;
				ENABLE_STRICT_OBJC_MSGSEND = YES;
				ENABLE_TESTABILITY = YES;
				GCC_C_LANGUAGE_STANDARD = gnu11;
				GCC_DYNAMIC_NO_PIC = NO;
				GCC_NO_COMMON_BLOCKS = YES;
				GCC_OPTIMIZATION_LEVEL = 0;
				GCC_PREPROCESSOR_DEFINITIONS = (
					"DEBUG=1",
					"$(inherited)",
				);
				GCC_WARN_64_TO_32_BIT_CONVERSION = YES;
				GCC_WARN_ABOUT_RETURN_TYPE = YES_ERROR;
				GCC_WARN_UNDECLARED_SELECTOR = YES;
				GCC_WARN_UNINITIALIZED_AUTOS = YES_AGGRESSIVE;
				GCC_WARN_UNUSED_FUNCTION = YES;
				GCC_WARN_UNUSED_VARIABLE = YES;
				IPHONEOS_DEPLOYMENT_TARGET = 9.3;
				MTL_ENABLE_DEBUG_INFO = YES;
				ONLY_ACTIVE_ARCH = YES;
				SDKROOT = iphoneos;
				SWIFT_ACTIVE_COMPILATION_CONDITIONS = DEBUG;
				SWIFT_OPTIMIZATION_LEVEL = "-Onone";
			};
			name = Debug;
		};
		17D2A7C820FCA85900EBA290 /* Release */ = {
			isa = XCBuildConfiguration;
			buildSettings = {
				ALWAYS_SEARCH_USER_PATHS = NO;
				CLANG_ANALYZER_NONNULL = YES;
				CLANG_ANALYZER_NUMBER_OBJECT_CONVERSION = YES_AGGRESSIVE;
				CLANG_CXX_LANGUAGE_STANDARD = "gnu++14";
				CLANG_CXX_LIBRARY = "libc++";
				CLANG_ENABLE_MODULES = YES;
				CLANG_ENABLE_OBJC_ARC = YES;
				CLANG_ENABLE_OBJC_WEAK = YES;
				CLANG_WARN_BLOCK_CAPTURE_AUTORELEASING = YES;
				CLANG_WARN_BOOL_CONVERSION = YES;
				CLANG_WARN_COMMA = YES;
				CLANG_WARN_CONSTANT_CONVERSION = YES;
				CLANG_WARN_DEPRECATED_OBJC_IMPLEMENTATIONS = YES;
				CLANG_WARN_DIRECT_OBJC_ISA_USAGE = YES_ERROR;
				CLANG_WARN_DOCUMENTATION_COMMENTS = YES;
				CLANG_WARN_EMPTY_BODY = YES;
				CLANG_WARN_ENUM_CONVERSION = YES;
				CLANG_WARN_INFINITE_RECURSION = YES;
				CLANG_WARN_INT_CONVERSION = YES;
				CLANG_WARN_NON_LITERAL_NULL_CONVERSION = YES;
				CLANG_WARN_OBJC_IMPLICIT_RETAIN_SELF = YES;
				CLANG_WARN_OBJC_LITERAL_CONVERSION = YES;
				CLANG_WARN_OBJC_ROOT_CLASS = YES_ERROR;
				CLANG_WARN_RANGE_LOOP_ANALYSIS = YES;
				CLANG_WARN_STRICT_PROTOTYPES = YES;
				CLANG_WARN_SUSPICIOUS_MOVE = YES;
				CLANG_WARN_UNGUARDED_AVAILABILITY = YES_AGGRESSIVE;
				CLANG_WARN_UNREACHABLE_CODE = YES;
				CLANG_WARN__DUPLICATE_METHOD_MATCH = YES;
				CODE_SIGN_IDENTITY = "iPhone Developer";
				COPY_PHASE_STRIP = NO;
				DEBUG_INFORMATION_FORMAT = "dwarf-with-dsym";
				ENABLE_NS_ASSERTIONS = NO;
				ENABLE_STRICT_OBJC_MSGSEND = YES;
				GCC_C_LANGUAGE_STANDARD = gnu11;
				GCC_NO_COMMON_BLOCKS = YES;
				GCC_WARN_64_TO_32_BIT_CONVERSION = YES;
				GCC_WARN_ABOUT_RETURN_TYPE = YES_ERROR;
				GCC_WARN_UNDECLARED_SELECTOR = YES;
				GCC_WARN_UNINITIALIZED_AUTOS = YES_AGGRESSIVE;
				GCC_WARN_UNUSED_FUNCTION = YES;
				GCC_WARN_UNUSED_VARIABLE = YES;
				IPHONEOS_DEPLOYMENT_TARGET = 9.3;
				MTL_ENABLE_DEBUG_INFO = NO;
				SDKROOT = iphoneos;
				SWIFT_COMPILATION_MODE = wholemodule;
				SWIFT_OPTIMIZATION_LEVEL = "-O";
				VALIDATE_PRODUCT = YES;
			};
			name = Release;
		};
		17D2A7CA20FCA85900EBA290 /* Debug */ = {
			isa = XCBuildConfiguration;
			buildSettings = {
				ASSETCATALOG_COMPILER_APPICON_NAME = AppIcon;
				CODE_SIGN_STYLE = Automatic;
				DEVELOPMENT_TEAM = "";
				INFOPLIST_FILE = SearchGitHub/Info.plist;
				LD_RUNPATH_SEARCH_PATHS = (
					"$(inherited)",
					"@executable_path/Frameworks",
				);
				PRODUCT_BUNDLE_IDENTIFIER = suarez.marcos.SearchGitHub;
				PRODUCT_NAME = "$(TARGET_NAME)";
				SWIFT_VERSION = 4.0;
				TARGETED_DEVICE_FAMILY = "1,2";
			};
			name = Debug;
		};
		17D2A7CB20FCA85900EBA290 /* Release */ = {
			isa = XCBuildConfiguration;
			buildSettings = {
				ASSETCATALOG_COMPILER_APPICON_NAME = AppIcon;
				CODE_SIGN_STYLE = Automatic;
				DEVELOPMENT_TEAM = "";
				INFOPLIST_FILE = SearchGitHub/Info.plist;
				LD_RUNPATH_SEARCH_PATHS = (
					"$(inherited)",
					"@executable_path/Frameworks",
				);
				PRODUCT_BUNDLE_IDENTIFIER = suarez.marcos.SearchGitHub;
				PRODUCT_NAME = "$(TARGET_NAME)";
				SWIFT_VERSION = 4.0;
				TARGETED_DEVICE_FAMILY = "1,2";
			};
			name = Release;
		};
		17D2A7CD20FCA85900EBA290 /* Debug */ = {
			isa = XCBuildConfiguration;
			buildSettings = {
				ALWAYS_EMBED_SWIFT_STANDARD_LIBRARIES = YES;
				BUNDLE_LOADER = "$(TEST_HOST)";
				CODE_SIGN_STYLE = Automatic;
				DEVELOPMENT_TEAM = 8CMRPSP89R;
				INFOPLIST_FILE = SearchGitHubTests/Info.plist;
				LD_RUNPATH_SEARCH_PATHS = (
					"$(inherited)",
					"@executable_path/Frameworks",
					"@loader_path/Frameworks",
				);
				PRODUCT_BUNDLE_IDENTIFIER = suarez.marcos.SearchGitHubTests;
				PRODUCT_NAME = "$(TARGET_NAME)";
				SWIFT_VERSION = 4.0;
				TARGETED_DEVICE_FAMILY = "1,2";
				TEST_HOST = "$(BUILT_PRODUCTS_DIR)/SearchGitHubMVP.app/SearchGitHubMVP";
			};
			name = Debug;
		};
		17D2A7CE20FCA85900EBA290 /* Release */ = {
			isa = XCBuildConfiguration;
			buildSettings = {
				ALWAYS_EMBED_SWIFT_STANDARD_LIBRARIES = YES;
				BUNDLE_LOADER = "$(TEST_HOST)";
				CODE_SIGN_STYLE = Automatic;
				DEVELOPMENT_TEAM = 8CMRPSP89R;
				INFOPLIST_FILE = SearchGitHubTests/Info.plist;
				LD_RUNPATH_SEARCH_PATHS = (
					"$(inherited)",
					"@executable_path/Frameworks",
					"@loader_path/Frameworks",
				);
				PRODUCT_BUNDLE_IDENTIFIER = suarez.marcos.SearchGitHubTests;
				PRODUCT_NAME = "$(TARGET_NAME)";
				SWIFT_VERSION = 4.0;
				TARGETED_DEVICE_FAMILY = "1,2";
				TEST_HOST = "$(BUILT_PRODUCTS_DIR)/SearchGitHubMVP.app/SearchGitHubMVP";
			};
			name = Release;
		};
		17D2A7D020FCA85900EBA290 /* Debug */ = {
			isa = XCBuildConfiguration;
			buildSettings = {
				ALWAYS_EMBED_SWIFT_STANDARD_LIBRARIES = YES;
				CODE_SIGN_STYLE = Automatic;
				DEVELOPMENT_TEAM = 8CMRPSP89R;
				INFOPLIST_FILE = SearchGitHubUITests/Info.plist;
				LD_RUNPATH_SEARCH_PATHS = (
					"$(inherited)",
					"@executable_path/Frameworks",
					"@loader_path/Frameworks",
				);
				PRODUCT_BUNDLE_IDENTIFIER = suarez.marcos.SearchGitHubUITests;
				PRODUCT_NAME = "$(TARGET_NAME)";
				SWIFT_VERSION = 4.0;
				TARGETED_DEVICE_FAMILY = "1,2";
				TEST_TARGET_NAME = SearchGitHub;
			};
			name = Debug;
		};
		17D2A7D120FCA85900EBA290 /* Release */ = {
			isa = XCBuildConfiguration;
			buildSettings = {
				ALWAYS_EMBED_SWIFT_STANDARD_LIBRARIES = YES;
				CODE_SIGN_STYLE = Automatic;
				DEVELOPMENT_TEAM = 8CMRPSP89R;
				INFOPLIST_FILE = SearchGitHubUITests/Info.plist;
				LD_RUNPATH_SEARCH_PATHS = (
					"$(inherited)",
					"@executable_path/Frameworks",
					"@loader_path/Frameworks",
				);
				PRODUCT_BUNDLE_IDENTIFIER = suarez.marcos.SearchGitHubUITests;
				PRODUCT_NAME = "$(TARGET_NAME)";
				SWIFT_VERSION = 4.0;
				TARGETED_DEVICE_FAMILY = "1,2";
				TEST_TARGET_NAME = SearchGitHub;
			};
			name = Release;
		};
/* End XCBuildConfiguration section */

/* Begin XCConfigurationList section */
		17D2A79C20FCA85100EBA290 /* Build configuration list for PBXProject "SearchGitHubMVP" */ = {
			isa = XCConfigurationList;
			buildConfigurations = (
				17D2A7C720FCA85900EBA290 /* Debug */,
				17D2A7C820FCA85900EBA290 /* Release */,
			);
			defaultConfigurationIsVisible = 0;
			defaultConfigurationName = Release;
		};
		17D2A7C920FCA85900EBA290 /* Build configuration list for PBXNativeTarget "SearchGitHubMVP" */ = {
			isa = XCConfigurationList;
			buildConfigurations = (
				17D2A7CA20FCA85900EBA290 /* Debug */,
				17D2A7CB20FCA85900EBA290 /* Release */,
			);
			defaultConfigurationIsVisible = 0;
			defaultConfigurationName = Release;
		};
		17D2A7CC20FCA85900EBA290 /* Build configuration list for PBXNativeTarget "SearchGitHubMVPTests" */ = {
			isa = XCConfigurationList;
			buildConfigurations = (
				17D2A7CD20FCA85900EBA290 /* Debug */,
				17D2A7CE20FCA85900EBA290 /* Release */,
			);
			defaultConfigurationIsVisible = 0;
			defaultConfigurationName = Release;
		};
		17D2A7CF20FCA85900EBA290 /* Build configuration list for PBXNativeTarget "SearchGitHubMVPUITests" */ = {
			isa = XCConfigurationList;
			buildConfigurations = (
				17D2A7D020FCA85900EBA290 /* Debug */,
				17D2A7D120FCA85900EBA290 /* Release */,
			);
			defaultConfigurationIsVisible = 0;
			defaultConfigurationName = Release;
		};
/* End XCConfigurationList section */
	};
	rootObject = 17D2A79920FCA85100EBA290 /* Project object */;
}
